{
  "name": "hashcode",
  "version": "1.0.0",
  "lockfileVersion": 1,
  "requires": true,
  "dependencies": {
    "RandomSelection": {
      "version": "1.0.1",
      "resolved": "https://artifacts.sub.rocks/repository/npm-group/RandomSelection/-/RandomSelection-1.0.1.tgz",
      "integrity": "sha1-aPyPek7CrnFTBJNJ5E+PoTkzEbs="
    },
    "ml-distance-euclidean": {
      "version": "1.0.0",
      "resolved": "https://artifacts.sub.rocks/repository/npm-group/ml-distance-euclidean/-/ml-distance-euclidean-1.0.0.tgz",
      "integrity": "sha1-CER8IjNkGisqm0wp5feS0o8dW5U="
    },
    "ml-kmeans": {
      "version": "3.0.0",
      "resolved": "https://artifacts.sub.rocks/repository/npm-group/ml-kmeans/-/ml-kmeans-3.0.0.tgz",
      "integrity": "sha1-WCqrU92FLx9hi/+S2Lqg+E2ESrI=",
      "requires": {
        "RandomSelection": "1.0.1",
        "ml-distance-euclidean": "1.0.0",
        "ml-nearest-vector": "1.0.1"
      }
    },
    "ml-nearest-vector": {
      "version": "1.0.1",
      "resolved": "https://artifacts.sub.rocks/repository/npm-group/ml-nearest-vector/-/ml-nearest-vector-1.0.1.tgz",
      "integrity": "sha1-im0AF3ofIKsM38xnKp3qPdmVyIA=",
      "requires": {
        "ml-distance-euclidean": "1.0.0"
      }
    }
  }
}
